
Microsoft Visual Studio Solution File, Format Version 12.00
# Visual Studio Version 17
VisualStudioVersion = 17.3.32929.385
MinimumVisualStudioVersion = 10.0.40219.1
Project("{FAE04EC0-301F-11D3-BF4B-00C04F79EFBC}") = "Lab1_21522371", "Lab1_21522371\Lab1_21522371.csproj", "{AD065287-6866-400F-A5C9-BB7573EC1DB6}"
EndProject
Global
	GlobalSection(SolutionConfigurationPlatforms) = preSolution
		Debug|Any CPU = Debug|Any CPU
		Release|Any CPU = Release|Any CPU
	EndGlobalSection
	GlobalSection(ProjectConfigurationPlatforms) = postSolution
		{AD065287-6866-400F-A5C9-BB7573EC1DB6}.Debug|Any CPU.ActiveCfg = Debug|Any CPU
		{AD065287-6866-400F-A5C9-BB7573EC1DB6}.Debug|Any CPU.Build.0 = Debug|Any CPU
		{AD065287-6866-400F-A5C9-BB7573EC1DB6}.Release|Any CPU.ActiveCfg = Release|Any CPU
		{AD065287-6866-400F-A5C9-BB7573EC1DB6}.Release|Any CPU.Build.0 = Release|Any CPU
	EndGlobalSection
	GlobalSection(SolutionProperties) = preSolution
		HideSolutionNode = FALSE
	EndGlobalSection
	GlobalSection(ExtensibilityGlobals) = postSolution
		SolutionGuid = {3DF24B92-821C-44AC-B1B5-CCA083112CC8}
	EndGlobalSection
EndGlobal
